
Microsoft Visual Studio Solution File, Format Version 12.00
# Visual Studio 15
Project("{FAE04EC0-301F-11D3-BF4B-00C04F79EFBC}") = "FishNet.Codegen.Cecil", "FishNet.Codegen.Cecil.csproj", "{11869CAA-F08C-B541-AD6A-D1D9591BBCD0}"
EndProject
Project("{FAE04EC0-301F-11D3-BF4B-00C04F79EFBC}") = "FishNet.Runtime", "FishNet.Runtime.csproj", "{F0C510B6-577F-4FCB-1CCA-86F7E343E14E}"
EndProject
Project("{FAE04EC0-301F-11D3-BF4B-00C04F79EFBC}") = "Assembly-CSharp", "Assembly-CSharp.csproj", "{7E3DFD2C-BDA7-1598-80D6-B9E1667C9433}"
EndProject
Project("{FAE04EC0-301F-11D3-BF4B-00C04F79EFBC}") = "GameKit.Dependencies", "GameKit.Dependencies.csproj", "{EA94573C-B64B-041F-07A8-2160F4BA0A5D}"
EndProject
Project("{FAE04EC0-301F-11D3-BF4B-00C04F79EFBC}") = "Unity.FishNet.Codegen", "Unity.FishNet.Codegen.csproj", "{427FA3EC-B851-937C-60E1-2A931B47117C}"
EndProject
Project("{FAE04EC0-301F-11D3-BF4B-00C04F79EFBC}") = "FishNet.Demos", "FishNet.Demos.csproj", "{ECBC8BBE-6BE0-2B2F-1934-22FDE78A78DB}"
EndProject
Project("{FAE04EC0-301F-11D3-BF4B-00C04F79EFBC}") = "Assembly-CSharp-Editor", "Assembly-CSharp-Editor.csproj", "{1826DF48-8D8D-D9B4-EA68-C110D7B331D0}"
EndProject
Global
	GlobalSection(SolutionConfigurationPlatforms) = preSolution
		Debug|Any CPU = Debug|Any CPU
		Release|Any CPU = Release|Any CPU
	EndGlobalSection
	GlobalSection(ProjectConfigurationPlatforms) = postSolution
		{11869CAA-F08C-B541-AD6A-D1D9591BBCD0}.Debug|Any CPU.ActiveCfg = Debug|Any CPU
		{11869CAA-F08C-B541-AD6A-D1D9591BBCD0}.Debug|Any CPU.Build.0 = Debug|Any CPU
		{11869CAA-F08C-B541-AD6A-D1D9591BBCD0}.Release|Any CPU.ActiveCfg = Release|Any CPU
		{11869CAA-F08C-B541-AD6A-D1D9591BBCD0}.Release|Any CPU.Build.0 = Release|Any CPU
		{F0C510B6-577F-4FCB-1CCA-86F7E343E14E}.Debug|Any CPU.ActiveCfg = Debug|Any CPU
		{F0C510B6-577F-4FCB-1CCA-86F7E343E14E}.Debug|Any CPU.Build.0 = Debug|Any CPU
		{F0C510B6-577F-4FCB-1CCA-86F7E343E14E}.Release|Any CPU.ActiveCfg = Release|Any CPU
		{F0C510B6-577F-4FCB-1CCA-86F7E343E14E}.Release|Any CPU.Build.0 = Release|Any CPU
		{7E3DFD2C-BDA7-1598-80D6-B9E1667C9433}.Debug|Any CPU.ActiveCfg = Debug|Any CPU
		{7E3DFD2C-BDA7-1598-80D6-B9E1667C9433}.Debug|Any CPU.Build.0 = Debug|Any CPU
		{7E3DFD2C-BDA7-1598-80D6-B9E1667C9433}.Release|Any CPU.ActiveCfg = Release|Any CPU
		{7E3DFD2C-BDA7-1598-80D6-B9E1667C9433}.Release|Any CPU.Build.0 = Release|Any CPU
		{EA94573C-B64B-041F-07A8-2160F4BA0A5D}.Debug|Any CPU.ActiveCfg = Debug|Any CPU
		{EA94573C-B64B-041F-07A8-2160F4BA0A5D}.Debug|Any CPU.Build.0 = Debug|Any CPU
		{EA94573C-B64B-041F-07A8-2160F4BA0A5D}.Release|Any CPU.ActiveCfg = Release|Any CPU
		{EA94573C-B64B-041F-07A8-2160F4BA0A5D}.Release|Any CPU.Build.0 = Release|Any CPU
		{427FA3EC-B851-937C-60E1-2A931B47117C}.Debug|Any CPU.ActiveCfg = Debug|Any CPU
		{427FA3EC-B851-937C-60E1-2A931B47117C}.Debug|Any CPU.Build.0 = Debug|Any CPU
		{427FA3EC-B851-937C-60E1-2A931B47117C}.Release|Any CPU.ActiveCfg = Release|Any CPU
		{427FA3EC-B851-937C-60E1-2A931B47117C}.Release|Any CPU.Build.0 = Release|Any CPU
		{ECBC8BBE-6BE0-2B2F-1934-22FDE78A78DB}.Debug|Any CPU.ActiveCfg = Debug|Any CPU
		{ECBC8BBE-6BE0-2B2F-1934-22FDE78A78DB}.Debug|Any CPU.Build.0 = Debug|Any CPU
		{ECBC8BBE-6BE0-2B2F-1934-22FDE78A78DB}.Release|Any CPU.ActiveCfg = Release|Any CPU
		{ECBC8BBE-6BE0-2B2F-1934-22FDE78A78DB}.Release|Any CPU.Build.0 = Release|Any CPU
		{1826DF48-8D8D-D9B4-EA68-C110D7B331D0}.Debug|Any CPU.ActiveCfg = Debug|Any CPU
		{1826DF48-8D8D-D9B4-EA68-C110D7B331D0}.Debug|Any CPU.Build.0 = Debug|Any CPU
		{1826DF48-8D8D-D9B4-EA68-C110D7B331D0}.Release|Any CPU.ActiveCfg = Release|Any CPU
		{1826DF48-8D8D-D9B4-EA68-C110D7B331D0}.Release|Any CPU.Build.0 = Release|Any CPU
	EndGlobalSection
	GlobalSection(SolutionProperties) = preSolution
		HideSolutionNode = FALSE
	EndGlobalSection
EndGlobal
